// !$*UTF8*$!
{
	archiveVersion = 1;
	classes = {
	};
	objectVersion = 50;
	objects = {

/* Begin PBXBuildFile section */
		4B3A4A0426A6505926991DB1 /* Pods_route_nativeTests.framework in Frameworks */ = {isa = PBXBuildFile; fileRef = E440AC436A17B2C362C32275 /* Pods_route_nativeTests.framework */; };
		58B94B66E2C3515EF4AF0F5F /* Pods_route_native.framework in Frameworks */ = {isa = PBXBuildFile; fileRef = 9505F1904A90A27969025BFA /* Pods_route_native.framework */; };
		AEBE7B3025D23C72006EFCF3 /* AppDelegate.swift in Sources */ = {isa = PBXBuildFile; fileRef = AEBE7B2F25D23C72006EFCF3 /* AppDelegate.swift */; };
		AEBE7B3225D23C72006EFCF3 /* SceneDelegate.swift in Sources */ = {isa = PBXBuildFile; fileRef = AEBE7B3125D23C72006EFCF3 /* SceneDelegate.swift */; };
		AEBE7B3425D23C72006EFCF3 /* ViewController.swift in Sources */ = {isa = PBXBuildFile; fileRef = AEBE7B3325D23C72006EFCF3 /* ViewController.swift */; };
		AEBE7B3725D23C72006EFCF3 /* Main.storyboard in Resources */ = {isa = PBXBuildFile; fileRef = AEBE7B3525D23C72006EFCF3 /* Main.storyboard */; };
		AEBE7B3925D23C73006EFCF3 /* Assets.xcassets in Resources */ = {isa = PBXBuildFile; fileRef = AEBE7B3825D23C73006EFCF3 /* Assets.xcassets */; };
		AEBE7B3C25D23C73006EFCF3 /* LaunchScreen.storyboard in Resources */ = {isa = PBXBuildFile; fileRef = AEBE7B3A25D23C73006EFCF3 /* LaunchScreen.storyboard */; };
		AEBE7B4725D23C73006EFCF3 /* route_nativeTests.swift in Sources */ = {isa = PBXBuildFile; fileRef = AEBE7B4625D23C73006EFCF3 /* route_nativeTests.swift */; };
		AEBE7B5225D23C73006EFCF3 /* route_nativeUITests.swift in Sources */ = {isa = PBXBuildFile; fileRef = AEBE7B5125D23C73006EFCF3 /* route_nativeUITests.swift */; };
		CE21540FF20FA72C49C5845A /* Pods_route_native_route_nativeUITests.framework in Frameworks */ = {isa = PBXBuildFile; fileRef = A5133396F1E906B607C01FAD /* Pods_route_native_route_nativeUITests.framework */; };
/* End PBXBuildFile section */

/* Begin PBXContainerItemProxy section */
		AEBE7B4325D23C73006EFCF3 /* PBXContainerItemProxy */ = {
			isa = PBXContainerItemProxy;
			containerPortal = AEBE7B2425D23C72006EFCF3 /* Project object */;
			proxyType = 1;
			remoteGlobalIDString = AEBE7B2B25D23C72006EFCF3;
			remoteInfo = "route-native";
		};
		AEBE7B4E25D23C73006EFCF3 /* PBXContainerItemProxy */ = {
			isa = PBXContainerItemProxy;
			containerPortal = AEBE7B2425D23C72006EFCF3 /* Project object */;
			proxyType = 1;
			remoteGlobalIDString = AEBE7B2B25D23C72006EFCF3;
			remoteInfo = "route-native";
		};
/* End PBXContainerItemProxy section */

/* Begin PBXFileReference section */
		6A49641DA9A10BD94457BD29 /* Pods-route-nativeTests.release.xcconfig */ = {isa = PBXFileReference; includeInIndex = 1; lastKnownFileType = text.xcconfig; name = "Pods-route-nativeTests.release.xcconfig"; path = "Target Support Files/Pods-route-nativeTests/Pods-route-nativeTests.release.xcconfig"; sourceTree = "<group>"; };
		70A632B6ABEC264B6F3AB7FE /* Pods-route-native.debug.xcconfig */ = {isa = PBXFileReference; includeInIndex = 1; lastKnownFileType = text.xcconfig; name = "Pods-route-native.debug.xcconfig"; path = "Target Support Files/Pods-route-native/Pods-route-native.debug.xcconfig"; sourceTree = "<group>"; };
		83CFFC8FB90505AB7D02EEF7 /* Pods-route-native.release.xcconfig */ = {isa = PBXFileReference; includeInIndex = 1; lastKnownFileType = text.xcconfig; name = "Pods-route-native.release.xcconfig"; path = "Target Support Files/Pods-route-native/Pods-route-native.release.xcconfig"; sourceTree = "<group>"; };
		9505F1904A90A27969025BFA /* Pods_route_native.framework */ = {isa = PBXFileReference; explicitFileType = wrapper.framework; includeInIndex = 0; path = Pods_route_native.framework; sourceTree = BUILT_PRODUCTS_DIR; };
		A5133396F1E906B607C01FAD /* Pods_route_native_route_nativeUITests.framework */ = {isa = PBXFileReference; explicitFileType = wrapper.framework; includeInIndex = 0; path = Pods_route_native_route_nativeUITests.framework; sourceTree = BUILT_PRODUCTS_DIR; };
		AEBE7B2C25D23C72006EFCF3 /* route-native.app */ = {isa = PBXFileReference; explicitFileType = wrapper.application; includeInIndex = 0; path = "route-native.app"; sourceTree = BUILT_PRODUCTS_DIR; };
		AEBE7B2F25D23C72006EFCF3 /* AppDelegate.swift */ = {isa = PBXFileReference; lastKnownFileType = sourcecode.swift; path = AppDelegate.swift; sourceTree = "<group>"; };
		AEBE7B3125D23C72006EFCF3 /* SceneDelegate.swift */ = {isa = PBXFileReference; lastKnownFileType = sourcecode.swift; path = SceneDelegate.swift; sourceTree = "<group>"; };
		AEBE7B3325D23C72006EFCF3 /* ViewController.swift */ = {isa = PBXFileReference; lastKnownFileType = sourcecode.swift; path = ViewController.swift; sourceTree = "<group>"; };
		AEBE7B3625D23C72006EFCF3 /* Base */ = {isa = PBXFileReference; lastKnownFileType = file.storyboard; name = Base; path = Base.lproj/Main.storyboard; sourceTree = "<group>"; };
		AEBE7B3825D23C73006EFCF3 /* Assets.xcassets */ = {isa = PBXFileReference; lastKnownFileType = folder.assetcatalog; path = Assets.xcassets; sourceTree = "<group>"; };
		AEBE7B3B25D23C73006EFCF3 /* Base */ = {isa = PBXFileReference; lastKnownFileType = file.storyboard; name = Base; path = Base.lproj/LaunchScreen.storyboard; sourceTree = "<group>"; };
		AEBE7B3D25D23C73006EFCF3 /* Info.plist */ = {isa = PBXFileReference; lastKnownFileType = text.plist.xml; path = Info.plist; sourceTree = "<group>"; };
		AEBE7B4225D23C73006EFCF3 /* route-nativeTests.xctest */ = {isa = PBXFileReference; explicitFileType = wrapper.cfbundle; includeInIndex = 0; path = "route-nativeTests.xctest"; sourceTree = BUILT_PRODUCTS_DIR; };
		AEBE7B4625D23C73006EFCF3 /* route_nativeTests.swift */ = {isa = PBXFileReference; lastKnownFileType = sourcecode.swift; path = route_nativeTests.swift; sourceTree = "<group>"; };
		AEBE7B4825D23C73006EFCF3 /* Info.plist */ = {isa = PBXFileReference; lastKnownFileType = text.plist.xml; path = Info.plist; sourceTree = "<group>"; };
		AEBE7B4D25D23C73006EFCF3 /* route-nativeUITests.xctest */ = {isa = PBXFileReference; explicitFileType = wrapper.cfbundle; includeInIndex = 0; path = "route-nativeUITests.xctest"; sourceTree = BUILT_PRODUCTS_DIR; };
		AEBE7B5125D23C73006EFCF3 /* route_nativeUITests.swift */ = {isa = PBXFileReference; lastKnownFileType = sourcecode.swift; path = route_nativeUITests.swift; sourceTree = "<group>"; };
		AEBE7B5325D23C73006EFCF3 /* Info.plist */ = {isa = PBXFileReference; lastKnownFileType = text.plist.xml; path = Info.plist; sourceTree = "<group>"; };
		B8CC271CEEAD53BFD3D49C46 /* Pods-route-nativeTests.debug.xcconfig */ = {isa = PBXFileReference; includeInIndex = 1; lastKnownFileType = text.xcconfig; name = "Pods-route-nativeTests.debug.xcconfig"; path = "Target Support Files/Pods-route-nativeTests/Pods-route-nativeTests.debug.xcconfig"; sourceTree = "<group>"; };
		BCEE4C37759EF6D71AFAB144 /* Pods-route-native-route-nativeUITests.release.xcconfig */ = {isa = PBXFileReference; includeInIndex = 1; lastKnownFileType = text.xcconfig; name = "Pods-route-native-route-nativeUITests.release.xcconfig"; path = "Target Support Files/Pods-route-native-route-nativeUITests/Pods-route-native-route-nativeUITests.release.xcconfig"; sourceTree = "<group>"; };
		E440AC436A17B2C362C32275 /* Pods_route_nativeTests.framework */ = {isa = PBXFileReference; explicitFileType = wrapper.framework; includeInIndex = 0; path = Pods_route_nativeTests.framework; sourceTree = BUILT_PRODUCTS_DIR; };
		EEB62EAD600D8B89680388FD /* Pods-route-native-route-nativeUITests.debug.xcconfig */ = {isa = PBXFileReference; includeInIndex = 1; lastKnownFileType = text.xcconfig; name = "Pods-route-native-route-nativeUITests.debug.xcconfig"; path = "Target Support Files/Pods-route-native-route-nativeUITests/Pods-route-native-route-nativeUITests.debug.xcconfig"; sourceTree = "<group>"; };
/* End PBXFileReference section */

/* Begin PBXFrameworksBuildPhase section */
		AEBE7B2925D23C72006EFCF3 /* Frameworks */ = {
			isa = PBXFrameworksBuildPhase;
			buildActionMask = 2147483647;
			files = (
				58B94B66E2C3515EF4AF0F5F /* Pods_route_native.framework in Frameworks */,
			);
			runOnlyForDeploymentPostprocessing = 0;
		};
		AEBE7B3F25D23C73006EFCF3 /* Frameworks */ = {
			isa = PBXFrameworksBuildPhase;
			buildActionMask = 2147483647;
			files = (
				4B3A4A0426A6505926991DB1 /* Pods_route_nativeTests.framework in Frameworks */,
			);
			runOnlyForDeploymentPostprocessing = 0;
		};
		AEBE7B4A25D23C73006EFCF3 /* Frameworks */ = {
			isa = PBXFrameworksBuildPhase;
			buildActionMask = 2147483647;
			files = (
				CE21540FF20FA72C49C5845A /* Pods_route_native_route_nativeUITests.framework in Frameworks */,
			);
			runOnlyForDeploymentPostprocessing = 0;
		};
/* End PBXFrameworksBuildPhase section */

/* Begin PBXGroup section */
		584DEA32BC429DB1915C8A62 /* Frameworks */ = {
			isa = PBXGroup;
			children = (
				9505F1904A90A27969025BFA /* Pods_route_native.framework */,
				A5133396F1E906B607C01FAD /* Pods_route_native_route_nativeUITests.framework */,
				E440AC436A17B2C362C32275 /* Pods_route_nativeTests.framework */,
			);
			name = Frameworks;
			sourceTree = "<group>";
		};
		AEBE7B2325D23C72006EFCF3 = {
			isa = PBXGroup;
			children = (
				AEBE7B2E25D23C72006EFCF3 /* route-native */,
				AEBE7B4525D23C73006EFCF3 /* route-nativeTests */,
				AEBE7B5025D23C73006EFCF3 /* route-nativeUITests */,
				AEBE7B2D25D23C72006EFCF3 /* Products */,
				F9B796BF715D64797CAE1258 /* Pods */,
				584DEA32BC429DB1915C8A62 /* Frameworks */,
			);
			sourceTree = "<group>";
		};
		AEBE7B2D25D23C72006EFCF3 /* Products */ = {
			isa = PBXGroup;
			children = (
				AEBE7B2C25D23C72006EFCF3 /* route-native.app */,
				AEBE7B4225D23C73006EFCF3 /* route-nativeTests.xctest */,
				AEBE7B4D25D23C73006EFCF3 /* route-nativeUITests.xctest */,
			);
			name = Products;
			sourceTree = "<group>";
		};
		AEBE7B2E25D23C72006EFCF3 /* route-native */ = {
			isa = PBXGroup;
			children = (
				AEBE7B2F25D23C72006EFCF3 /* AppDelegate.swift */,
				AEBE7B3125D23C72006EFCF3 /* SceneDelegate.swift */,
				AEBE7B3325D23C72006EFCF3 /* ViewController.swift */,
				AEBE7B3525D23C72006EFCF3 /* Main.storyboard */,
				AEBE7B3825D23C73006EFCF3 /* Assets.xcassets */,
				AEBE7B3A25D23C73006EFCF3 /* LaunchScreen.storyboard */,
				AEBE7B3D25D23C73006EFCF3 /* Info.plist */,
			);
			path = "route-native";
			sourceTree = "<group>";
		};
		AEBE7B4525D23C73006EFCF3 /* route-nativeTests */ = {
			isa = PBXGroup;
			children = (
				AEBE7B4625D23C73006EFCF3 /* route_nativeTests.swift */,
				AEBE7B4825D23C73006EFCF3 /* Info.plist */,
			);
			path = "route-nativeTests";
			sourceTree = "<group>";
		};
		AEBE7B5025D23C73006EFCF3 /* route-nativeUITests */ = {
			isa = PBXGroup;
			children = (
				AEBE7B5125D23C73006EFCF3 /* route_nativeUITests.swift */,
				AEBE7B5325D23C73006EFCF3 /* Info.plist */,
			);
			path = "route-nativeUITests";
			sourceTree = "<group>";
		};
		F9B796BF715D64797CAE1258 /* Pods */ = {
			isa = PBXGroup;
			children = (
				70A632B6ABEC264B6F3AB7FE /* Pods-route-native.debug.xcconfig */,
				83CFFC8FB90505AB7D02EEF7 /* Pods-route-native.release.xcconfig */,
				EEB62EAD600D8B89680388FD /* Pods-route-native-route-nativeUITests.debug.xcconfig */,
				BCEE4C37759EF6D71AFAB144 /* Pods-route-native-route-nativeUITests.release.xcconfig */,
				B8CC271CEEAD53BFD3D49C46 /* Pods-route-nativeTests.debug.xcconfig */,
				6A49641DA9A10BD94457BD29 /* Pods-route-nativeTests.release.xcconfig */,
			);
			name = Pods;
			path = Pods;
			sourceTree = "<group>";
		};
/* End PBXGroup section */

/* Begin PBXNativeTarget section */
		AEBE7B2B25D23C72006EFCF3 /* route-native */ = {
			isa = PBXNativeTarget;
			buildConfigurationList = AEBE7B5625D23C73006EFCF3 /* Build configuration list for PBXNativeTarget "route-native" */;
			buildPhases = (
				5231A5434DE066EA32456058 /* [CP] Check Pods Manifest.lock */,
				F511D7EE423D2770707E0F2B /* [CP-User] Run Flutter Build demo_route Script */,
				AEBE7B2825D23C72006EFCF3 /* Sources */,
				AEBE7B2925D23C72006EFCF3 /* Frameworks */,
				AEBE7B2A25D23C72006EFCF3 /* Resources */,
				01055A4679A0C2F6B848269E /* [CP] Embed Pods Frameworks */,
			);
			buildRules = (
			);
			dependencies = (
			);
			name = "route-native";
			productName = "route-native";
			productReference = AEBE7B2C25D23C72006EFCF3 /* route-native.app */;
			productType = "com.apple.product-type.application";
		};
		AEBE7B4125D23C73006EFCF3 /* route-nativeTests */ = {
			isa = PBXNativeTarget;
			buildConfigurationList = AEBE7B5925D23C73006EFCF3 /* Build configuration list for PBXNativeTarget "route-nativeTests" */;
			buildPhases = (
				424880CD0E9326D7311DC1E9 /* [CP] Check Pods Manifest.lock */,
				AEBE7B3E25D23C73006EFCF3 /* Sources */,
				AEBE7B3F25D23C73006EFCF3 /* Frameworks */,
				AEBE7B4025D23C73006EFCF3 /* Resources */,
			);
			buildRules = (
			);
			dependencies = (
				AEBE7B4425D23C73006EFCF3 /* PBXTargetDependency */,
			);
			name = "route-nativeTests";
			productName = "route-nativeTests";
			productReference = AEBE7B4225D23C73006EFCF3 /* route-nativeTests.xctest */;
			productType = "com.apple.product-type.bundle.unit-test";
		};
		AEBE7B4C25D23C73006EFCF3 /* route-nativeUITests */ = {
			isa = PBXNativeTarget;
			buildConfigurationList = AEBE7B5C25D23C73006EFCF3 /* Build configuration list for PBXNativeTarget "route-nativeUITests" */;
			buildPhases = (
				CBC5774A4D2FE9A21B06D0BF /* [CP] Check Pods Manifest.lock */,
				AEBE7B4925D23C73006EFCF3 /* Sources */,
				AEBE7B4A25D23C73006EFCF3 /* Frameworks */,
				AEBE7B4B25D23C73006EFCF3 /* Resources */,
				EA9A1B161435882D54172647 /* [CP] Embed Pods Frameworks */,
			);
			buildRules = (
			);
			dependencies = (
				AEBE7B4F25D23C73006EFCF3 /* PBXTargetDependency */,
			);
			name = "route-nativeUITests";
			productName = "route-nativeUITests";
			productReference = AEBE7B4D25D23C73006EFCF3 /* route-nativeUITests.xctest */;
			productType = "com.apple.product-type.bundle.ui-testing";
		};
/* End PBXNativeTarget section */

/* Begin PBXProject section */
		AEBE7B2425D23C72006EFCF3 /* Project object */ = {
			isa = PBXProject;
			attributes = {
				LastSwiftUpdateCheck = 1210;
				LastUpgradeCheck = 1210;
				TargetAttributes = {
					AEBE7B2B25D23C72006EFCF3 = {
						CreatedOnToolsVersion = 12.1;
					};
					AEBE7B4125D23C73006EFCF3 = {
						CreatedOnToolsVersion = 12.1;
						TestTargetID = AEBE7B2B25D23C72006EFCF3;
					};
					AEBE7B4C25D23C73006EFCF3 = {
						CreatedOnToolsVersion = 12.1;
						TestTargetID = AEBE7B2B25D23C72006EFCF3;
					};
				};
			};
			buildConfigurationList = AEBE7B2725D23C72006EFCF3 /* Build configuration list for PBXProject "route-native" */;
			compatibilityVersion = "Xcode 9.3";
			developmentRegion = en;
			hasScannedForEncodings = 0;
			knownRegions = (
				en,
				Base,
			);
			mainGroup = AEBE7B2325D23C72006EFCF3;
			productRefGroup = AEBE7B2D25D23C72006EFCF3 /* Products */;
			projectDirPath = "";
			projectRoot = "";
			targets = (
				AEBE7B2B25D23C72006EFCF3 /* route-native */,
				AEBE7B4125D23C73006EFCF3 /* route-nativeTests */,
				AEBE7B4C25D23C73006EFCF3 /* route-nativeUITests */,
			);
		};
/* End PBXProject section */

/* Begin PBXResourcesBuildPhase section */
		AEBE7B2A25D23C72006EFCF3 /* Resources */ = {
			isa = PBXResourcesBuildPhase;
			buildActionMask = 2147483647;
			files = (
				AEBE7B3C25D23C73006EFCF3 /* LaunchScreen.storyboard in Resources */,
				AEBE7B3925D23C73006EFCF3 /* Assets.xcassets in Resources */,
				AEBE7B3725D23C72006EFCF3 /* Main.storyboard in Resources */,
			);
			runOnlyForDeploymentPostprocessing = 0;
		};
		AEBE7B4025D23C73006EFCF3 /* Resources */ = {
			isa = PBXResourcesBuildPhase;
			buildActionMask = 2147483647;
			files = (
			);
			runOnlyForDeploymentPostprocessing = 0;
		};
		AEBE7B4B25D23C73006EFCF3 /* Resources */ = {
			isa = PBXResourcesBuildPhase;
			buildActionMask = 2147483647;
			files = (
			);
			runOnlyForDeploymentPostprocessing = 0;
		};
/* End PBXResourcesBuildPhase section */

/* Begin PBXShellScriptBuildPhase section */
		01055A4679A0C2F6B848269E /* [CP] Embed Pods Frameworks */ = {
			isa = PBXShellScriptBuildPhase;
			buildActionMask = 2147483647;
			files = (
			);
			inputFileListPaths = (
				"${PODS_ROOT}/Target Support Files/Pods-route-native/Pods-route-native-frameworks-${CONFIGURATION}-input-files.xcfilelist",
			);
			name = "[CP] Embed Pods Frameworks";
			outputFileListPaths = (
				"${PODS_ROOT}/Target Support Files/Pods-route-native/Pods-route-native-frameworks-${CONFIGURATION}-output-files.xcfilelist",
			);
			runOnlyForDeploymentPostprocessing = 0;
			shellPath = /bin/sh;
			shellScript = "\"${PODS_ROOT}/Target Support Files/Pods-route-native/Pods-route-native-frameworks.sh\"\n";
			showEnvVarsInLog = 0;
		};
		424880CD0E9326D7311DC1E9 /* [CP] Check Pods Manifest.lock */ = {
			isa = PBXShellScriptBuildPhase;
			buildActionMask = 2147483647;
			files = (
			);
			inputFileListPaths = (
			);
			inputPaths = (
				"${PODS_PODFILE_DIR_PATH}/Podfile.lock",
				"${PODS_ROOT}/Manifest.lock",
			);
			name = "[CP] Check Pods Manifest.lock";
			outputFileListPaths = (
			);
			outputPaths = (
				"$(DERIVED_FILE_DIR)/Pods-route-nativeTests-checkManifestLockResult.txt",
			);
			runOnlyForDeploymentPostprocessing = 0;
			shellPath = /bin/sh;
			shellScript = "diff \"${PODS_PODFILE_DIR_PATH}/Podfile.lock\" \"${PODS_ROOT}/Manifest.lock\" > /dev/null\nif [ $? != 0 ] ; then\n    # print error to STDERR\n    echo \"error: The sandbox is not in sync with the Podfile.lock. Run 'pod install' or update your CocoaPods installation.\" >&2\n    exit 1\nfi\n# This output is used by Xcode 'outputs' to avoid re-running this script phase.\necho \"SUCCESS\" > \"${SCRIPT_OUTPUT_FILE_0}\"\n";
			showEnvVarsInLog = 0;
		};
		5231A5434DE066EA32456058 /* [CP] Check Pods Manifest.lock */ = {
			isa = PBXShellScriptBuildPhase;
			buildActionMask = 2147483647;
			files = (
			);
			inputFileListPaths = (
			);
			inputPaths = (
				"${PODS_PODFILE_DIR_PATH}/Podfile.lock",
				"${PODS_ROOT}/Manifest.lock",
			);
			name = "[CP] Check Pods Manifest.lock";
			outputFileListPaths = (
			);
			outputPaths = (
				"$(DERIVED_FILE_DIR)/Pods-route-native-checkManifestLockResult.txt",
			);
			runOnlyForDeploymentPostprocessing = 0;
			shellPath = /bin/sh;
			shellScript = "diff \"${PODS_PODFILE_DIR_PATH}/Podfile.lock\" \"${PODS_ROOT}/Manifest.lock\" > /dev/null\nif [ $? != 0 ] ; then\n    # print error to STDERR\n    echo \"error: The sandbox is not in sync with the Podfile.lock. Run 'pod install' or update your CocoaPods installation.\" >&2\n    exit 1\nfi\n# This output is used by Xcode 'outputs' to avoid re-running this script phase.\necho \"SUCCESS\" > \"${SCRIPT_OUTPUT_FILE_0}\"\n";
			showEnvVarsInLog = 0;
		};
		CBC5774A4D2FE9A21B06D0BF /* [CP] Check Pods Manifest.lock */ = {
			isa = PBXShellScriptBuildPhase;
			buildActionMask = 2147483647;
			files = (
			);
			inputFileListPaths = (
			);
			inputPaths = (
				"${PODS_PODFILE_DIR_PATH}/Podfile.lock",
				"${PODS_ROOT}/Manifest.lock",
			);
			name = "[CP] Check Pods Manifest.lock";
			outputFileListPaths = (
			);
			outputPaths = (
				"$(DERIVED_FILE_DIR)/Pods-route-native-route-nativeUITests-checkManifestLockResult.txt",
			);
			runOnlyForDeploymentPostprocessing = 0;
			shellPath = /bin/sh;
			shellScript = "diff \"${PODS_PODFILE_DIR_PATH}/Podfile.lock\" \"${PODS_ROOT}/Manifest.lock\" > /dev/null\nif [ $? != 0 ] ; then\n    # print error to STDERR\n    echo \"error: The sandbox is not in sync with the Podfile.lock. Run 'pod install' or update your CocoaPods installation.\" >&2\n    exit 1\nfi\n# This output is used by Xcode 'outputs' to avoid re-running this script phase.\necho \"SUCCESS\" > \"${SCRIPT_OUTPUT_FILE_0}\"\n";
			showEnvVarsInLog = 0;
		};
		EA9A1B161435882D54172647 /* [CP] Embed Pods Frameworks */ = {
			isa = PBXShellScriptBuildPhase;
			buildActionMask = 2147483647;
			files = (
			);
			inputFileListPaths = (
				"${PODS_ROOT}/Target Support Files/Pods-route-native-route-nativeUITests/Pods-route-native-route-nativeUITests-frameworks-${CONFIGURATION}-input-files.xcfilelist",
			);
			name = "[CP] Embed Pods Frameworks";
			outputFileListPaths = (
				"${PODS_ROOT}/Target Support Files/Pods-route-native-route-nativeUITests/Pods-route-native-route-nativeUITests-frameworks-${CONFIGURATION}-output-files.xcfilelist",
			);
			runOnlyForDeploymentPostprocessing = 0;
			shellPath = /bin/sh;
			shellScript = "\"${PODS_ROOT}/Target Support Files/Pods-route-native-route-nativeUITests/Pods-route-native-route-nativeUITests-frameworks.sh\"\n";
			showEnvVarsInLog = 0;
		};
		F511D7EE423D2770707E0F2B /* [CP-User] Run Flutter Build demo_route Script */ = {
			isa = PBXShellScriptBuildPhase;
			buildActionMask = 2147483647;
			files = (
			);
			name = "[CP-User] Run Flutter Build demo_route Script";
			runOnlyForDeploymentPostprocessing = 0;
			shellPath = /bin/sh;
			shellScript = "set -e\nset -u\nsource \"${SRCROOT}/../demo_route/.ios/Flutter/flutter_export_environment.sh\"\nexport VERBOSE_SCRIPT_LOGGING=1 && \"$FLUTTER_ROOT\"/packages/flutter_tools/bin/xcode_backend.sh build";
		};
/* End PBXShellScriptBuildPhase section */

/* Begin PBXSourcesBuildPhase section */
		AEBE7B2825D23C72006EFCF3 /* Sources */ = {
			isa = PBXSourcesBuildPhase;
			buildActionMask = 2147483647;
			files = (
				AEBE7B3425D23C72006EFCF3 /* ViewController.swift in Sources */,
				AEBE7B3025D23C72006EFCF3 /* AppDelegate.swift in Sources */,
				AEBE7B3225D23C72006EFCF3 /* SceneDelegate.swift in Sources */,
			);
			runOnlyForDeploymentPostprocessing = 0;
		};
		AEBE7B3E25D23C73006EFCF3 /* Sources */ = {
			isa = PBXSourcesBuildPhase;
			buildActionMask = 2147483647;
			files = (
				AEBE7B4725D23C73006EFCF3 /* route_nativeTests.swift in Sources */,
			);
			runOnlyForDeploymentPostprocessing = 0;
		};
		AEBE7B4925D23C73006EFCF3 /* Sources */ = {
			isa = PBXSourcesBuildPhase;
			buildActionMask = 2147483647;
			files = (
				AEBE7B5225D23C73006EFCF3 /* route_nativeUITests.swift in Sources */,
			);
			runOnlyForDeploymentPostprocessing = 0;
		};
/* End PBXSourcesBuildPhase section */

/* Begin PBXTargetDependency section */
		AEBE7B4425D23C73006EFCF3 /* PBXTargetDependency */ = {
			isa = PBXTargetDependency;
			target = AEBE7B2B25D23C72006EFCF3 /* route-native */;
			targetProxy = AEBE7B4325D23C73006EFCF3 /* PBXContainerItemProxy */;
		};
		AEBE7B4F25D23C73006EFCF3 /* PBXTargetDependency */ = {
			isa = PBXTargetDependency;
			target = AEBE7B2B25D23C72006EFCF3 /* route-native */;
			targetProxy = AEBE7B4E25D23C73006EFCF3 /* PBXContainerItemProxy */;
		};
/* End PBXTargetDependency section */

/* Begin PBXVariantGroup section */
		AEBE7B3525D23C72006EFCF3 /* Main.storyboard */ = {
			isa = PBXVariantGroup;
			children = (
				AEBE7B3625D23C72006EFCF3 /* Base */,
			);
			name = Main.storyboard;
			sourceTree = "<group>";
		};
		AEBE7B3A25D23C73006EFCF3 /* LaunchScreen.storyboard */ = {
			isa = PBXVariantGroup;
			children = (
				AEBE7B3B25D23C73006EFCF3 /* Base */,
			);
			name = LaunchScreen.storyboard;
			sourceTree = "<group>";
		};
/* End PBXVariantGroup section */

/* Begin XCBuildConfiguration section */
		AEBE7B5425D23C73006EFCF3 /* Debug */ = {
			isa = XCBuildConfiguration;
			buildSettings = {
				ALWAYS_SEARCH_USER_PATHS = NO;
				CLANG_ANALYZER_NONNULL = YES;
				CLANG_ANALYZER_NUMBER_OBJECT_CONVERSION = YES_AGGRESSIVE;
				CLANG_CXX_LANGUAGE_STANDARD = "gnu++14";
				CLANG_CXX_LIBRARY = "libc++";
				CLANG_ENABLE_MODULES = YES;
				CLANG_ENABLE_OBJC_ARC = YES;
				CLANG_ENABLE_OBJC_WEAK = YES;
				CLANG_WARN_BLOCK_CAPTURE_AUTORELEASING = YES;
				CLANG_WARN_BOOL_CONVERSION = YES;
				CLANG_WARN_COMMA = YES;
				CLANG_WARN_CONSTANT_CONVERSION = YES;
				CLANG_WARN_DEPRECATED_OBJC_IMPLEMENTATIONS = YES;
				CLANG_WARN_DIRECT_OBJC_ISA_USAGE = YES_ERROR;
				CLANG_WARN_DOCUMENTATION_COMMENTS = YES;
				CLANG_WARN_EMPTY_BODY = YES;
				CLANG_WARN_ENUM_CONVERSION = YES;
				CLANG_WARN_INFINITE_RECURSION = YES;
				CLANG_WARN_INT_CONVERSION = YES;
				CLANG_WARN_NON_LITERAL_NULL_CONVERSION = YES;
				CLANG_WARN_OBJC_IMPLICIT_RETAIN_SELF = YES;
				CLANG_WARN_OBJC_LITERAL_CONVERSION = YES;
				CLANG_WARN_OBJC_ROOT_CLASS = YES_ERROR;
				CLANG_WARN_QUOTED_INCLUDE_IN_FRAMEWORK_HEADER = YES;
				CLANG_WARN_RANGE_LOOP_ANALYSIS = YES;
				CLANG_WARN_STRICT_PROTOTYPES = YES;
				CLANG_WARN_SUSPICIOUS_MOVE = YES;
				CLANG_WARN_UNGUARDED_AVAILABILITY = YES_AGGRESSIVE;
				CLANG_WARN_UNREACHABLE_CODE = YES;
				CLANG_WARN__DUPLICATE_METHOD_MATCH = YES;
				COPY_PHASE_STRIP = NO;
				DEBUG_INFORMATION_FORMAT = dwarf;
				ENABLE_STRICT_OBJC_MSGSEND = YES;
				ENABLE_TESTABILITY = YES;
				GCC_C_LANGUAGE_STANDARD = gnu11;
				GCC_DYNAMIC_NO_PIC = NO;
				GCC_NO_COMMON_BLOCKS = YES;
				GCC_OPTIMIZATION_LEVEL = 0;
				GCC_PREPROCESSOR_DEFINITIONS = (
					"DEBUG=1",
					"$(inherited)",
				);
				GCC_WARN_64_TO_32_BIT_CONVERSION = YES;
				GCC_WARN_ABOUT_RETURN_TYPE = YES_ERROR;
				GCC_WARN_UNDECLARED_SELECTOR = YES;
				GCC_WARN_UNINITIALIZED_AUTOS = YES_AGGRESSIVE;
				GCC_WARN_UNUSED_FUNCTION = YES;
				GCC_WARN_UNUSED_VARIABLE = YES;
				IPHONEOS_DEPLOYMENT_TARGET = 14.1;
				MTL_ENABLE_DEBUG_INFO = INCLUDE_SOURCE;
				MTL_FAST_MATH = YES;
				ONLY_ACTIVE_ARCH = YES;
				SDKROOT = iphoneos;
				SWIFT_ACTIVE_COMPILATION_CONDITIONS = DEBUG;
				SWIFT_OPTIMIZATION_LEVEL = "-Onone";
			};
			name = Debug;
		};
		AEBE7B5525D23C73006EFCF3 /* Release */ = {
			isa = XCBuildConfiguration;
			buildSettings = {
				ALWAYS_SEARCH_USER_PATHS = NO;
				CLANG_ANALYZER_NONNULL = YES;
				CLANG_ANALYZER_NUMBER_OBJECT_CONVERSION = YES_AGGRESSIVE;
				CLANG_CXX_LANGUAGE_STANDARD = "gnu++14";
				CLANG_CXX_LIBRARY = "libc++";
				CLANG_ENABLE_MODULES = YES;
				CLANG_ENABLE_OBJC_ARC = YES;
				CLANG_ENABLE_OBJC_WEAK = YES;
				CLANG_WARN_BLOCK_CAPTURE_AUTORELEASING = YES;
				CLANG_WARN_BOOL_CONVERSION = YES;
				CLANG_WARN_COMMA = YES;
				CLANG_WARN_CONSTANT_CONVERSION = YES;
				CLANG_WARN_DEPRECATED_OBJC_IMPLEMENTATIONS = YES;
				CLANG_WARN_DIRECT_OBJC_ISA_USAGE = YES_ERROR;
				CLANG_WARN_DOCUMENTATION_COMMENTS = YES;
				CLANG_WARN_EMPTY_BODY = YES;
				CLANG_WARN_ENUM_CONVERSION = YES;
				CLANG_WARN_INFINITE_RECURSION = YES;
				CLANG_WARN_INT_CONVERSION = YES;
				CLANG_WARN_NON_LITERAL_NULL_CONVERSION = YES;
				CLANG_WARN_OBJC_IMPLICIT_RETAIN_SELF = YES;
				CLANG_WARN_OBJC_LITERAL_CONVERSION = YES;
				CLANG_WARN_OBJC_ROOT_CLASS = YES_ERROR;
				CLANG_WARN_QUOTED_INCLUDE_IN_FRAMEWORK_HEADER = YES;
				CLANG_WARN_RANGE_LOOP_ANALYSIS = YES;
				CLANG_WARN_STRICT_PROTOTYPES = YES;
				CLANG_WARN_SUSPICIOUS_MOVE = YES;
				CLANG_WARN_UNGUARDED_AVAILABILITY = YES_AGGRESSIVE;
				CLANG_WARN_UNREACHABLE_CODE = YES;
				CLANG_WARN__DUPLICATE_METHOD_MATCH = YES;
				COPY_PHASE_STRIP = NO;
				DEBUG_INFORMATION_FORMAT = "dwarf-with-dsym";
				ENABLE_NS_ASSERTIONS = NO;
				ENABLE_STRICT_OBJC_MSGSEND = YES;
				GCC_C_LANGUAGE_STANDARD = gnu11;
				GCC_NO_COMMON_BLOCKS = YES;
				GCC_WARN_64_TO_32_BIT_CONVERSION = YES;
				GCC_WARN_ABOUT_RETURN_TYPE = YES_ERROR;
				GCC_WARN_UNDECLARED_SELECTOR = YES;
				GCC_WARN_UNINITIALIZED_AUTOS = YES_AGGRESSIVE;
				GCC_WARN_UNUSED_FUNCTION = YES;
				GCC_WARN_UNUSED_VARIABLE = YES;
				IPHONEOS_DEPLOYMENT_TARGET = 14.1;
				MTL_ENABLE_DEBUG_INFO = NO;
				MTL_FAST_MATH = YES;
				SDKROOT = iphoneos;
				SWIFT_COMPILATION_MODE = wholemodule;
				SWIFT_OPTIMIZATION_LEVEL = "-O";
				VALIDATE_PRODUCT = YES;
			};
			name = Release;
		};
		AEBE7B5725D23C73006EFCF3 /* Debug */ = {
			isa = XCBuildConfiguration;
			baseConfigurationReference = 70A632B6ABEC264B6F3AB7FE /* Pods-route-native.debug.xcconfig */;
			buildSettings = {
				ASSETCATALOG_COMPILER_APPICON_NAME = AppIcon;
				ASSETCATALOG_COMPILER_GLOBAL_ACCENT_COLOR_NAME = AccentColor;
				CODE_SIGN_STYLE = Automatic;
				INFOPLIST_FILE = "route-native/Info.plist";
				LD_RUNPATH_SEARCH_PATHS = (
					"$(inherited)",
					"@executable_path/Frameworks",
				);
				PRODUCT_BUNDLE_IDENTIFIER = "sample.route-native";
				PRODUCT_NAME = "$(TARGET_NAME)";
				SWIFT_VERSION = 5.0;
				TARGETED_DEVICE_FAMILY = "1,2";
			};
			name = Debug;
		};
		AEBE7B5825D23C73006EFCF3 /* Release */ = {
			isa = XCBuildConfiguration;
			baseConfigurationReference = 83CFFC8FB90505AB7D02EEF7 /* Pods-route-native.release.xcconfig */;
			buildSettings = {
				ASSETCATALOG_COMPILER_APPICON_NAME = AppIcon;
				ASSETCATALOG_COMPILER_GLOBAL_ACCENT_COLOR_NAME = AccentColor;
				CODE_SIGN_STYLE = Automatic;
				INFOPLIST_FILE = "route-native/Info.plist";
				LD_RUNPATH_SEARCH_PATHS = (
					"$(inherited)",
					"@executable_path/Frameworks",
				);
				PRODUCT_BUNDLE_IDENTIFIER = "sample.route-native";
				PRODUCT_NAME = "$(TARGET_NAME)";
				SWIFT_VERSION = 5.0;
				TARGETED_DEVICE_FAMILY = "1,2";
			};
			name = Release;
		};
		AEBE7B5A25D23C73006EFCF3 /* Debug */ = {
			isa = XCBuildConfiguration;
			baseConfigurationReference = B8CC271CEEAD53BFD3D49C46 /* Pods-route-nativeTests.debug.xcconfig */;
			buildSettings = {
				ALWAYS_EMBED_SWIFT_STANDARD_LIBRARIES = YES;
				BUNDLE_LOADER = "$(TEST_HOST)";
				CODE_SIGN_STYLE = Automatic;
				INFOPLIST_FILE = "route-nativeTests/Info.plist";
				IPHONEOS_DEPLOYMENT_TARGET = 14.1;
				LD_RUNPATH_SEARCH_PATHS = (
					"$(inherited)",
					"@executable_path/Frameworks",
					"@loader_path/Frameworks",
				);
				PRODUCT_BUNDLE_IDENTIFIER = "sample.route-nativeTests";
				PRODUCT_NAME = "$(TARGET_NAME)";
				SWIFT_VERSION = 5.0;
				TARGETED_DEVICE_FAMILY = "1,2";
				TEST_HOST = "$(BUILT_PRODUCTS_DIR)/route-native.app/route-native";
			};
			name = Debug;
		};
		AEBE7B5B25D23C73006EFCF3 /* Release */ = {
			isa = XCBuildConfiguration;
			baseConfigurationReference = 6A49641DA9A10BD94457BD29 /* Pods-route-nativeTests.release.xcconfig */;
			buildSettings = {
				ALWAYS_EMBED_SWIFT_STANDARD_LIBRARIES = YES;
				BUNDLE_LOADER = "$(TEST_HOST)";
				CODE_SIGN_STYLE = Automatic;
				INFOPLIST_FILE = "route-nativeTests/Info.plist";
				IPHONEOS_DEPLOYMENT_TARGET = 14.1;
				LD_RUNPATH_SEARCH_PATHS = (
					"$(inherited)",
					"@executable_path/Frameworks",
					"@loader_path/Frameworks",
				);
				PRODUCT_BUNDLE_IDENTIFIER = "sample.route-nativeTests";
				PRODUCT_NAME = "$(TARGET_NAME)";
				SWIFT_VERSION = 5.0;
				TARGETED_DEVICE_FAMILY = "1,2";
				TEST_HOST = "$(BUILT_PRODUCTS_DIR)/route-native.app/route-native";
			};
			name = Release;
		};
		AEBE7B5D25D23C73006EFCF3 /* Debug */ = {
			isa = XCBuildConfiguration;
			baseConfigurationReference = EEB62EAD600D8B89680388FD /* Pods-route-native-route-nativeUITests.debug.xcconfig */;
			buildSettings = {
				ALWAYS_EMBED_SWIFT_STANDARD_LIBRARIES = YES;
				CODE_SIGN_STYLE = Automatic;
				INFOPLIST_FILE = "route-nativeUITests/Info.plist";
				LD_RUNPATH_SEARCH_PATHS = (
					"$(inherited)",
					"@executable_path/Frameworks",
					"@loader_path/Frameworks",
				);
				PRODUCT_BUNDLE_IDENTIFIER = "sample.route-nativeUITests";
				PRODUCT_NAME = "$(TARGET_NAME)";
				SWIFT_VERSION = 5.0;
				TARGETED_DEVICE_FAMILY = "1,2";
				TEST_TARGET_NAME = "route-native";
			};
			name = Debug;
		};
		AEBE7B5E25D23C73006EFCF3 /* Release */ = {
			isa = XCBuildConfiguration;
			baseConfigurationReference = BCEE4C37759EF6D71AFAB144 /* Pods-route-native-route-nativeUITests.release.xcconfig */;
			buildSettings = {
				ALWAYS_EMBED_SWIFT_STANDARD_LIBRARIES = YES;
				CODE_SIGN_STYLE = Automatic;
				INFOPLIST_FILE = "route-nativeUITests/Info.plist";
				LD_RUNPATH_SEARCH_PATHS = (
					"$(inherited)",
					"@executable_path/Frameworks",
					"@loader_path/Frameworks",
				);
				PRODUCT_BUNDLE_IDENTIFIER = "sample.route-nativeUITests";
				PRODUCT_NAME = "$(TARGET_NAME)";
				SWIFT_VERSION = 5.0;
				TARGETED_DEVICE_FAMILY = "1,2";
				TEST_TARGET_NAME = "route-native";
			};
			name = Release;
		};
/* End XCBuildConfiguration section */

/* Begin XCConfigurationList section */
		AEBE7B2725D23C72006EFCF3 /* Build configuration list for PBXProject "route-native" */ = {
			isa = XCConfigurationList;
			buildConfigurations = (
				AEBE7B5425D23C73006EFCF3 /* Debug */,
				AEBE7B5525D23C73006EFCF3 /* Release */,
			);
			defaultConfigurationIsVisible = 0;
			defaultConfigurationName = Release;
		};
		AEBE7B5625D23C73006EFCF3 /* Build configuration list for PBXNativeTarget "route-native" */ = {
			isa = XCConfigurationList;
			buildConfigurations = (
				AEBE7B5725D23C73006EFCF3 /* Debug */,
				AEBE7B5825D23C73006EFCF3 /* Release */,
			);
			defaultConfigurationIsVisible = 0;
			defaultConfigurationName = Release;
		};
		AEBE7B5925D23C73006EFCF3 /* Build configuration list for PBXNativeTarget "route-nativeTests" */ = {
			isa = XCConfigurationList;
			buildConfigurations = (
				AEBE7B5A25D23C73006EFCF3 /* Debug */,
				AEBE7B5B25D23C73006EFCF3 /* Release */,
			);
			defaultConfigurationIsVisible = 0;
			defaultConfigurationName = Release;
		};
		AEBE7B5C25D23C73006EFCF3 /* Build configuration list for PBXNativeTarget "route-nativeUITests" */ = {
			isa = XCConfigurationList;
			buildConfigurations = (
				AEBE7B5D25D23C73006EFCF3 /* Debug */,
				AEBE7B5E25D23C73006EFCF3 /* Release */,
			);
			defaultConfigurationIsVisible = 0;
			defaultConfigurationName = Release;
		};
/* End XCConfigurationList section */
	};
	rootObject = AEBE7B2425D23C72006EFCF3 /* Project object */;
}
